
Microsoft Visual Studio Solution File, Format Version 12.00
# Visual Studio Version 17
VisualStudioVersion = 17.10.35004.147
MinimumVisualStudioVersion = 10.0.40219.1
Project("{FAE04EC0-301F-11D3-BF4B-00C04F79EFBC}") = "MusicPlayer", "MusicPlayer\MusicPlayer.csproj", "{6A6F474B-5496-4B91-ADE2-E7C149E6F46D}"
EndProject
Global
	GlobalSection(SolutionConfigurationPlatforms) = preSolution
		Debug|Any CPU = Debug|Any CPU
		Release|Any CPU = Release|Any CPU
	EndGlobalSection
	GlobalSection(ProjectConfigurationPlatforms) = postSolution
		{6A6F474B-5496-4B91-ADE2-E7C149E6F46D}.Debug|Any CPU.ActiveCfg = Debug|Any CPU
		{6A6F474B-5496-4B91-ADE2-E7C149E6F46D}.Debug|Any CPU.Build.0 = Debug|Any CPU
		{6A6F474B-5496-4B91-ADE2-E7C149E6F46D}.Release|Any CPU.ActiveCfg = Release|Any CPU
		{6A6F474B-5496-4B91-ADE2-E7C149E6F46D}.Release|Any CPU.Build.0 = Release|Any CPU
	EndGlobalSection
	GlobalSection(SolutionProperties) = preSolution
		HideSolutionNode = FALSE
	EndGlobalSection
	GlobalSection(ExtensibilityGlobals) = postSolution
		SolutionGuid = {6D398E9A-4045-466C-BEE8-3A86166D0F13}
	EndGlobalSection
EndGlobal
